
Microsoft Visual Studio Solution File, Format Version 12.00
# Visual Studio Version 17
VisualStudioVersion = 17.8.34330.188
MinimumVisualStudioVersion = 10.0.40219.1
Project("{FAE04EC0-301F-11D3-BF4B-00C04F79EFBC}") = "OpenData", "opendata\OpenData.csproj", "{F9541AC8-20DC-4119-A699-56C97A96434C}"
	ProjectSection(ProjectDependencies) = postProject
		{C00EE839-CDEF-457A-A198-BAF7E5B703DE} = {C00EE839-CDEF-457A-A198-BAF7E5B703DE}
	EndProjectSection
EndProject
Project("{FAE04EC0-301F-11D3-BF4B-00C04F79EFBC}") = "OpenDataTests", "OpendataTests\OpenDataTests.csproj", "{1683939F-4147-4E8A-B8B4-7A1E060DD7AD}"
EndProject
Project("{FAE04EC0-301F-11D3-BF4B-00C04F79EFBC}") = "OpenDataLibrary", "OpendataLibrary\OpenDataLibrary.csproj", "{C00EE839-CDEF-457A-A198-BAF7E5B703DE}"
EndProject
Global
	GlobalSection(SolutionConfigurationPlatforms) = preSolution
		Debug|Any CPU = Debug|Any CPU
		Release|Any CPU = Release|Any CPU
	EndGlobalSection
	GlobalSection(ProjectConfigurationPlatforms) = postSolution
		{F9541AC8-20DC-4119-A699-56C97A96434C}.Debug|Any CPU.ActiveCfg = Debug|Any CPU
		{F9541AC8-20DC-4119-A699-56C97A96434C}.Debug|Any CPU.Build.0 = Debug|Any CPU
		{F9541AC8-20DC-4119-A699-56C97A96434C}.Release|Any CPU.ActiveCfg = Release|Any CPU
		{F9541AC8-20DC-4119-A699-56C97A96434C}.Release|Any CPU.Build.0 = Release|Any CPU
		{1683939F-4147-4E8A-B8B4-7A1E060DD7AD}.Debug|Any CPU.ActiveCfg = Debug|Any CPU
		{1683939F-4147-4E8A-B8B4-7A1E060DD7AD}.Debug|Any CPU.Build.0 = Debug|Any CPU
		{1683939F-4147-4E8A-B8B4-7A1E060DD7AD}.Release|Any CPU.ActiveCfg = Release|Any CPU
		{1683939F-4147-4E8A-B8B4-7A1E060DD7AD}.Release|Any CPU.Build.0 = Release|Any CPU
		{C00EE839-CDEF-457A-A198-BAF7E5B703DE}.Debug|Any CPU.ActiveCfg = Debug|Any CPU
		{C00EE839-CDEF-457A-A198-BAF7E5B703DE}.Debug|Any CPU.Build.0 = Debug|Any CPU
		{C00EE839-CDEF-457A-A198-BAF7E5B703DE}.Release|Any CPU.ActiveCfg = Release|Any CPU
		{C00EE839-CDEF-457A-A198-BAF7E5B703DE}.Release|Any CPU.Build.0 = Release|Any CPU
	EndGlobalSection
	GlobalSection(SolutionProperties) = preSolution
		HideSolutionNode = FALSE
	EndGlobalSection
	GlobalSection(ExtensibilityGlobals) = postSolution
		SolutionGuid = {10E9968D-0006-407B-B2D8-7DE23F7800B4}
	EndGlobalSection
EndGlobal
